<?xml version="1.0" encoding="utf-8"?>
<Project ToolsVersion="4.0" xmlns="http://schemas.microsoft.com/developer/msbuild/2003">
  <ItemGroup>
    <Filter Include="Library">
      <UniqueIdentifier>{a3357819-942f-44b3-b872-7caba64bbe1f}</UniqueIdentifier>
    </Filter>
    <Filter Include="Other">
      <UniqueIdentifier>{93995380-89BD-4b04-88EB-625FBE52EBFB}</UniqueIdentifier>
      <Extensions>h;hh;hpp;hxx;hm;inl;inc;xsd</Extensions>
    </Filter>
    <Filter Include="Chara">
      <UniqueIdentifier>{b7aca27f-7f14-49f7-8843-adf341120713}</UniqueIdentifier>
    </Filter>
    <Filter Include="ImGUI">
      <UniqueIdentifier>{995d8479-09c1-4c60-8ac1-23ee64b07dd3}</UniqueIdentifier>
    </Filter>
  </ItemGroup>
  <ItemGroup>
    <ClCompile Include="theMain.cpp">
      <Filter>Other</Filter>
    </ClCompile>
    <ClCompile Include="Base.cpp">
      <Filter>Chara</Filter>
    </ClCompile>
    <ClCompile Include="Bullet.cpp">
      <Filter>Chara</Filter>
    </ClCompile>
    <ClCompile Include="Enemy.cpp">
      <Filter>Chara</Filter>
    </ClCompile>
    <ClCompile Include="Input.cpp">
      <Filter>Library</Filter>
    </ClCompile>
    <ClCompile Include="Stage.cpp">
      <Filter>Library</Filter>
    </ClCompile>
    <ClCompile Include="Player.cpp">
      <Filter>Chara</Filter>
    </ClCompile>
    <ClCompile Include="NewEnemy.cpp">
      <Filter>Chara</Filter>
    </ClCompile>
    <ClCompile Include="ExplosionEffect.cpp">
      <Filter>Chara</Filter>
    </ClCompile>
    <ClCompile Include="ImGui\imgui.cpp">
      <Filter>ImGUI</Filter>
    </ClCompile>
    <ClCompile Include="ImGui\imgui_draw.cpp">
      <Filter>ImGUI</Filter>
    </ClCompile>
    <ClCompile Include="ImGui\imgui_impl_dx9.cpp">
      <Filter>ImGUI</Filter>
    </ClCompile>
    <ClCompile Include="ImGui\imgui_impl_dx11.cpp">
      <Filter>ImGUI</Filter>
    </ClCompile>
    <ClCompile Include="ImGui\imgui_impl_win32.cpp">
      <Filter>ImGUI</Filter>
    </ClCompile>
    <ClCompile Include="ImGui\imgui_ja_gryph_ranges.cpp">
      <Filter>ImGUI</Filter>
    </ClCompile>
    <ClCompile Include="ImGui\imgui_tables.cpp">
      <Filter>ImGUI</Filter>
    </ClCompile>
    <ClCompile Include="ImGui\imgui_widgets.cpp">
      <Filter>ImGUI</Filter>
    </ClCompile>
  </ItemGroup>
  <ItemGroup>
    <ClInclude Include="Base.h">
      <Filter>Chara</Filter>
    </ClInclude>
    <ClInclude Include="Bullet.h">
      <Filter>Chara</Filter>
    </ClInclude>
    <ClInclude Include="globals.h">
      <Filter>Library</Filter>
    </ClInclude>
    <ClInclude Include="Input.h">
      <Filter>Library</Filter>
    </ClInclude>
    <ClInclude Include="Math2D.h">
      <Filter>Library</Filter>
    </ClInclude>
    <ClInclude Include="Player.h">
      <Filter>Chara</Filter>
    </ClInclude>
    <ClInclude Include="NewEnemy.h">
      <Filter>Chara</Filter>
    </ClInclude>
    <ClInclude Include="Enemy.h">
      <Filter>Chara</Filter>
    </ClInclude>
    <ClInclude Include="Stage.h">
      <Filter>Library</Filter>
    </ClInclude>
    <ClInclude Include="ExplosionEffect.h">
      <Filter>Chara</Filter>
    </ClInclude>
    <ClInclude Include="easefunction.h">
      <Filter>Other</Filter>
    </ClInclude>
    <ClInclude Include="ObjectManager.h">
      <Filter>Library</Filter>
    </ClInclude>
    <ClInclude Include="ImGui\imconfig.h">
      <Filter>ImGUI</Filter>
    </ClInclude>
    <ClInclude Include="ImGui\imgui.h">
      <Filter>ImGUI</Filter>
    </ClInclude>
    <ClInclude Include="ImGui\imgui_impl_dx9.h">
      <Filter>ImGUI</Filter>
    </ClInclude>
    <ClInclude Include="ImGui\imgui_impl_dx11.h">
      <Filter>ImGUI</Filter>
    </ClInclude>
    <ClInclude Include="ImGui\imgui_impl_dxlib.hpp">
      <Filter>ImGUI</Filter>
    </ClInclude>
    <ClInclude Include="ImGui\imgui_impl_win32.h">
      <Filter>ImGUI</Filter>
    </ClInclude>
    <ClInclude Include="ImGui\imgui_internal.h">
      <Filter>ImGUI</Filter>
    </ClInclude>
    <ClInclude Include="ImGui\imstb_rectpack.h">
      <Filter>ImGUI</Filter>
    </ClInclude>
    <ClInclude Include="ImGui\imstb_textedit.h">
      <Filter>ImGUI</Filter>
    </ClInclude>
    <ClInclude Include="ImGui\imstb_truetype.h">
      <Filter>ImGUI</Filter>
    </ClInclude>
  </ItemGroup>
</Project>